PODS:
  - ad (0.0.1):
    - Flutter
  - Ads-Global (7.9.0.8):
    - Ads-Global/BUAdSDK (= 7.9.0.8)
  - Ads-Global/BUAdSDK (7.9.0.8):
    - Ads-Global/PangleSDK
    - Ads-Global/TikTokBusinessSDK
  - Ads-Global/PangleSDK (7.9.0.8)
  - Ads-Global/TikTokBusinessSDK (7.9.0.8)
  - advertising_id (0.0.1):
    - Flutter
  - app_tracking_transparency (0.0.1):
    - Flutter
  - AppLovinSDK (13.6.1)
  - audio_service (0.0.1):
    - Flutter
    - FlutterMacOS
  - audio_session (0.0.1):
    - Flutter
  - connectivity_plus (0.0.1):
    - Flutter
  - device_info_plus (0.0.1):
    - Flutter
  - DKImagePickerController/Core (4.3.9):
    - DKImagePickerController/ImageDataManager
    - DKImagePickerController/Resource
  - DKImagePickerController/ImageDataManager (4.3.9)
  - DKImagePickerController/PhotoGallery (4.3.9):
    - DKImagePickerController/Core
    - DKPhotoGallery
  - DKImagePickerController/Resource (4.3.9)
  - DKPhotoGallery (0.0.19):
    - DKPhotoGallery/Core (= 0.0.19)
    - DKPhotoGallery/Model (= 0.0.19)
    - DKPhotoGallery/Preview (= 0.0.19)
    - DKPhotoGallery/Resource (= 0.0.19)
    - SDWebImage
    - SwiftyGif
  - DKPhotoGallery/Core (0.0.19):
    - DKPhotoGallery/Model
    - DKPhotoGallery/Preview
    - SDWebImage
    - SwiftyGif
  - DKPhotoGallery/Model (0.0.19):
    - SDWebImage
    - SwiftyGif
  - DKPhotoGallery/Preview (0.0.19):
    - DKPhotoGallery/Model
    - DKPhotoGallery/Resource
    - SDWebImage
    - SwiftyGif
  - DKPhotoGallery/Resource (0.0.19):
    - SDWebImage
    - SwiftyGif
  - FBAudienceNetwork (6.21.1)
  - file_picker (0.0.1):
    - DKImagePickerController/PhotoGallery
    - Flutter
  - Firebase/CoreOnly (12.15.0):
    - FirebaseCore (~> 12.15.0)
  - Firebase/RemoteConfig (12.15.0):
    - Firebase/CoreOnly
    - FirebaseRemoteConfig (~> 12.15.0)
  - firebase_core (4.12.1):
    - Firebase/CoreOnly (= 12.15.0)
    - Flutter
  - firebase_remote_config (6.5.5):
    - Firebase/RemoteConfig (= 12.15.0)
    - firebase_core
    - Flutter
  - FirebaseABTesting (12.15.0):
    - FirebaseCore (~> 12.15.0)
  - FirebaseCore (12.15.0):
    - FirebaseCoreInternal (~> 12.15.0)
    - GoogleUtilities/Environment (~> 8.1)
    - GoogleUtilities/Logger (~> 8.1)
  - FirebaseCoreInternal (12.15.0):
    - "GoogleUtilities/NSData+zlib (~> 8.1)"
  - FirebaseInstallations (12.15.0):
    - FirebaseCore (~> 12.15.0)
    - GoogleUtilities/Environment (~> 8.1)
    - GoogleUtilities/UserDefaults (~> 8.1)
    - PromisesObjC (~> 2.4)
  - FirebaseRemoteConfig (12.15.0):
    - FirebaseABTesting (~> 12.15.0)
    - FirebaseCore (~> 12.15.0)
    - FirebaseInstallations (~> 12.15.0)
    - FirebaseRemoteConfigInterop (~> 12.15.0)
    - FirebaseSharedSwift (~> 12.15.0)
    - GoogleUtilities/Environment (~> 8.1)
    - "GoogleUtilities/NSData+zlib (~> 8.1)"
  - FirebaseRemoteConfigInterop (12.15.0)
  - FirebaseSharedSwift (12.15.0)
  - Flutter (1.0.0)
  - flutter_downloader (0.0.1):
    - Flutter
  - flutter_local_notifications (0.0.1):
    - Flutter
  - flutter_secure_storage_darwin (10.0.0):
    - Flutter
    - FlutterMacOS
  - Fyber_Marketplace_SDK (8.4.6)
  - gma_mediation_applovin (2.6.0):
    - Flutter
    - GoogleMobileAdsMediationAppLovin (~> 13.6.1.0)
  - gma_mediation_dtexchange (1.3.4):
    - Flutter
    - GoogleMobileAdsMediationFyber (~> 8.4.6.0)
  - gma_mediation_inmobi (2.2.0):
    - Flutter
    - GoogleMobileAdsMediationInMobi (~> 11.3.0.0)
  - gma_mediation_ironsource (2.4.2):
    - Flutter
    - GoogleMobileAdsMediationIronSource (~> 9.4.1.0.1)
  - gma_mediation_liftoffmonetize (1.5.0):
    - Flutter
    - GoogleMobileAdsMediationVungle (~> 7.7.1.0)
  - gma_mediation_meta (1.5.2):
    - Flutter
    - GoogleMobileAdsMediationFacebook (~> 6.21.1.0)
  - gma_mediation_mintegral (2.1.0):
    - Flutter
    - GoogleMobileAdsMediationMintegral (~> 8.1.1.0)
  - gma_mediation_moloco (3.4.0):
    - Flutter
    - GoogleMobileAdsMediationMoloco (~> 4.5.1.0)
  - gma_mediation_pangle (3.6.0):
    - Flutter
    - GoogleMobileAdsMediationPangle (~> 7.9.0.8.0)
  - gma_mediation_unity (1.8.1):
    - Flutter
    - GoogleMobileAdsMediationUnity (~> 4.18.1.0)
  - Google-Mobile-Ads-SDK (13.6.0):
    - GoogleUserMessagingPlatform (>= 1.1)
  - google_mobile_ads (8.0.0):
    - Flutter
    - Google-Mobile-Ads-SDK (~> 13.6.0)
    - webview_flutter_wkwebview
  - GoogleMobileAdsMediationAppLovin (13.6.1.0):
    - AppLovinSDK (= 13.6.1)
    - Google-Mobile-Ads-SDK (~> 13.0)
  - GoogleMobileAdsMediationFacebook (6.21.1.1.1):
    - FBAudienceNetwork (= 6.21.1)
    - Google-Mobile-Ads-SDK (~> 13.4)
  - GoogleMobileAdsMediationFyber (8.4.6.0):
    - Fyber_Marketplace_SDK (= 8.4.6)
    - Google-Mobile-Ads-SDK (~> 13.0)
  - GoogleMobileAdsMediationInMobi (11.3.0.0.1):
    - Google-Mobile-Ads-SDK (~> 13.3)
    - InMobiSDK (= 11.3.0)
  - GoogleMobileAdsMediationIronSource (9.4.1.0.1.1):
    - Google-Mobile-Ads-SDK (~> 13.3)
    - IronSourceSDK (= 9.4.1.0)
  - GoogleMobileAdsMediationMintegral (8.1.1.0):
    - Google-Mobile-Ads-SDK (~> 13.0)
    - MintegralAdSDK/All (= 8.1.1)
  - GoogleMobileAdsMediationMoloco (4.5.1.0):
    - Google-Mobile-Ads-SDK (~> 13.0)
    - MolocoSDKiOS (= 4.5.1)
  - GoogleMobileAdsMediationPangle (7.9.0.8.0):
    - Ads-Global (= 7.9.0.8)
    - Google-Mobile-Ads-SDK (~> 13.0)
  - GoogleMobileAdsMediationUnity (4.18.1.0):
    - Google-Mobile-Ads-SDK (~> 13.0)
    - UnityAds (= 4.18.1)
  - GoogleMobileAdsMediationVungle (7.7.1.0):
    - Google-Mobile-Ads-SDK (~> 13.0)
    - VungleAds (= 7.7.1)
  - GoogleUserMessagingPlatform (3.1.0)
  - GoogleUtilities/Environment (8.1.1):
    - GoogleUtilities/Privacy
  - GoogleUtilities/Logger (8.1.1):
    - GoogleUtilities/Environment
    - GoogleUtilities/Privacy
  - "GoogleUtilities/NSData+zlib (8.1.1)":
    - GoogleUtilities/Privacy
  - GoogleUtilities/Privacy (8.1.1)
  - GoogleUtilities/UserDefaults (8.1.1):
    - GoogleUtilities/Logger
    - GoogleUtilities/Privacy
  - InMobiSDK (11.3.0)
  - IronSourceAdQualitySDK (9.5.1)
  - IronSourceSDK (9.4.1.0):
    - IronSourceSDK/AdQuality (= 9.4.1.0)
    - IronSourceSDK/Ads (= 9.4.1.0)
  - IronSourceSDK/AdQuality (9.4.1.0):
    - IronSourceAdQualitySDK (~> 9.5.0)
  - IronSourceSDK/Ads (9.4.1.0)
  - just_audio (0.0.1):
    - Flutter
    - FlutterMacOS
  - MintegralAdSDK/All (8.1.1):
    - MintegralAdSDK/BannerAd
    - MintegralAdSDK/BidNativeAd
    - MintegralAdSDK/InterstitialVideoAd
    - MintegralAdSDK/NativeAd
    - MintegralAdSDK/NativeAdvancedAd
    - MintegralAdSDK/NewInterstitialAd
    - MintegralAdSDK/RewardVideoAd
    - MintegralAdSDK/SplashAd
  - MintegralAdSDK/BannerAd (8.1.1):
    - MintegralAdSDK/NativeAd
  - MintegralAdSDK/BidNativeAd (8.1.1):
    - MintegralAdSDK/NativeAd
  - MintegralAdSDK/InterstitialVideoAd (8.1.1):
    - MintegralAdSDK/NativeAd
  - MintegralAdSDK/NativeAd (8.1.1)
  - MintegralAdSDK/NativeAdvancedAd (8.1.1):
    - MintegralAdSDK/NativeAd
  - MintegralAdSDK/NewInterstitialAd (8.1.1):
    - MintegralAdSDK/InterstitialVideoAd
    - MintegralAdSDK/NativeAd
  - MintegralAdSDK/RewardVideoAd (8.1.1):
    - MintegralAdSDK/NativeAd
  - MintegralAdSDK/SplashAd (8.1.1):
    - MintegralAdSDK/NativeAd
  - MolocoSDKiOS (4.5.1)
  - package_info_plus (0.4.5):
    - Flutter
  - player_base (0.0.1):
    - Flutter
  - player_playback (0.0.1):
    - Flutter
  - PromisesObjC (2.4.1)
  - SDWebImage (5.21.7):
    - SDWebImage/Core (= 5.21.7)
  - SDWebImage/Core (5.21.7)
  - shared_preferences_foundation (0.0.1):
    - Flutter
    - FlutterMacOS
  - sqflite_darwin (0.0.4):
    - Flutter
    - FlutterMacOS
  - SwiftyGif (5.4.5)
  - UnityAds (4.18.1):
    - IronSourceAdQualitySDK (< 10.0.0)
  - url_launcher_ios (0.0.1):
    - Flutter
  - video_player_avfoundation (0.0.1):
    - Flutter
    - FlutterMacOS
  - VungleAds (7.7.1)
  - webview_flutter_wkwebview (0.0.1):
    - Flutter
    - FlutterMacOS

DEPENDENCIES:
  - ad (from `.symlinks/plugins/ad/ios`)
  - advertising_id (from `.symlinks/plugins/advertising_id/ios`)
  - app_tracking_transparency (from `.symlinks/plugins/app_tracking_transparency/ios`)
  - audio_service (from `.symlinks/plugins/audio_service/darwin`)
  - audio_session (from `.symlinks/plugins/audio_session/ios`)
  - connectivity_plus (from `.symlinks/plugins/connectivity_plus/ios`)
  - device_info_plus (from `.symlinks/plugins/device_info_plus/ios`)
  - file_picker (from `.symlinks/plugins/file_picker/ios`)
  - firebase_core (from `.symlinks/plugins/firebase_core/ios`)
  - firebase_remote_config (from `.symlinks/plugins/firebase_remote_config/ios`)
  - Flutter (from `Flutter`)
  - flutter_downloader (from `.symlinks/plugins/flutter_downloader/ios`)
  - flutter_local_notifications (from `.symlinks/plugins/flutter_local_notifications/ios`)
  - flutter_secure_storage_darwin (from `.symlinks/plugins/flutter_secure_storage_darwin/darwin`)
  - gma_mediation_applovin (from `.symlinks/plugins/gma_mediation_applovin/ios`)
  - gma_mediation_dtexchange (from `.symlinks/plugins/gma_mediation_dtexchange/ios`)
  - gma_mediation_inmobi (from `.symlinks/plugins/gma_mediation_inmobi/ios`)
  - gma_mediation_ironsource (from `.symlinks/plugins/gma_mediation_ironsource/ios`)
  - gma_mediation_liftoffmonetize (from `.symlinks/plugins/gma_mediation_liftoffmonetize/ios`)
  - gma_mediation_meta (from `.symlinks/plugins/gma_mediation_meta/ios`)
  - gma_mediation_mintegral (from `.symlinks/plugins/gma_mediation_mintegral/ios`)
  - gma_mediation_moloco (from `.symlinks/plugins/gma_mediation_moloco/ios`)
  - gma_mediation_pangle (from `.symlinks/plugins/gma_mediation_pangle/ios`)
  - gma_mediation_unity (from `.symlinks/plugins/gma_mediation_unity/ios`)
  - google_mobile_ads (from `.symlinks/plugins/google_mobile_ads/ios`)
  - just_audio (from `.symlinks/plugins/just_audio/darwin`)
  - package_info_plus (from `.symlinks/plugins/package_info_plus/ios`)
  - player_base (from `.symlinks/plugins/player_base/ios`)
  - player_playback (from `.symlinks/plugins/player_playback/ios`)
  - shared_preferences_foundation (from `.symlinks/plugins/shared_preferences_foundation/darwin`)
  - sqflite_darwin (from `.symlinks/plugins/sqflite_darwin/darwin`)
  - url_launcher_ios (from `.symlinks/plugins/url_launcher_ios/ios`)
  - video_player_avfoundation (from `.symlinks/plugins/video_player_avfoundation/darwin`)
  - webview_flutter_wkwebview (from `.symlinks/plugins/webview_flutter_wkwebview/darwin`)

SPEC REPOS:
  trunk:
    - Ads-Global
    - AppLovinSDK
    - DKImagePickerController
    - DKPhotoGallery
    - FBAudienceNetwork
    - Firebase
    - FirebaseABTesting
    - FirebaseCore
    - FirebaseCoreInternal
    - FirebaseInstallations
    - FirebaseRemoteConfig
    - FirebaseRemoteConfigInterop
    - FirebaseSharedSwift
    - Fyber_Marketplace_SDK
    - Google-Mobile-Ads-SDK
    - GoogleMobileAdsMediationAppLovin
    - GoogleMobileAdsMediationFacebook
    - GoogleMobileAdsMediationFyber
    - GoogleMobileAdsMediationInMobi
    - GoogleMobileAdsMediationIronSource
    - GoogleMobileAdsMediationMintegral
    - GoogleMobileAdsMediationMoloco
    - GoogleMobileAdsMediationPangle
    - GoogleMobileAdsMediationUnity
    - GoogleMobileAdsMediationVungle
    - GoogleUserMessagingPlatform
    - GoogleUtilities
    - InMobiSDK
    - IronSourceAdQualitySDK
    - IronSourceSDK
    - MintegralAdSDK
    - MolocoSDKiOS
    - PromisesObjC
    - SDWebImage
    - SwiftyGif
    - UnityAds
    - VungleAds

EXTERNAL SOURCES:
  ad:
    :path: ".symlinks/plugins/ad/ios"
  advertising_id:
    :path: ".symlinks/plugins/advertising_id/ios"
  app_tracking_transparency:
    :path: ".symlinks/plugins/app_tracking_transparency/ios"
  audio_service:
    :path: ".symlinks/plugins/audio_service/darwin"
  audio_session:
    :path: ".symlinks/plugins/audio_session/ios"
  connectivity_plus:
    :path: ".symlinks/plugins/connectivity_plus/ios"
  device_info_plus:
    :path: ".symlinks/plugins/device_info_plus/ios"
  file_picker:
    :path: ".symlinks/plugins/file_picker/ios"
  firebase_core:
    :path: ".symlinks/plugins/firebase_core/ios"
  firebase_remote_config:
    :path: ".symlinks/plugins/firebase_remote_config/ios"
  Flutter:
    :path: Flutter
  flutter_downloader:
    :path: ".symlinks/plugins/flutter_downloader/ios"
  flutter_local_notifications:
    :path: ".symlinks/plugins/flutter_local_notifications/ios"
  flutter_secure_storage_darwin:
    :path: ".symlinks/plugins/flutter_secure_storage_darwin/darwin"
  gma_mediation_applovin:
    :path: ".symlinks/plugins/gma_mediation_applovin/ios"
  gma_mediation_dtexchange:
    :path: ".symlinks/plugins/gma_mediation_dtexchange/ios"
  gma_mediation_inmobi:
    :path: ".symlinks/plugins/gma_mediation_inmobi/ios"
  gma_mediation_ironsource:
    :path: ".symlinks/plugins/gma_mediation_ironsource/ios"
  gma_mediation_liftoffmonetize:
    :path: ".symlinks/plugins/gma_mediation_liftoffmonetize/ios"
  gma_mediation_meta:
    :path: ".symlinks/plugins/gma_mediation_meta/ios"
  gma_mediation_mintegral:
    :path: ".symlinks/plugins/gma_mediation_mintegral/ios"
  gma_mediation_moloco:
    :path: ".symlinks/plugins/gma_mediation_moloco/ios"
  gma_mediation_pangle:
    :path: ".symlinks/plugins/gma_mediation_pangle/ios"
  gma_mediation_unity:
    :path: ".symlinks/plugins/gma_mediation_unity/ios"
  google_mobile_ads:
    :path: ".symlinks/plugins/google_mobile_ads/ios"
  just_audio:
    :path: ".symlinks/plugins/just_audio/darwin"
  package_info_plus:
    :path: ".symlinks/plugins/package_info_plus/ios"
  player_base:
    :path: ".symlinks/plugins/player_base/ios"
  player_playback:
    :path: ".symlinks/plugins/player_playback/ios"
  shared_preferences_foundation:
    :path: ".symlinks/plugins/shared_preferences_foundation/darwin"
  sqflite_darwin:
    :path: ".symlinks/plugins/sqflite_darwin/darwin"
  url_launcher_ios:
    :path: ".symlinks/plugins/url_launcher_ios/ios"
  video_player_avfoundation:
    :path: ".symlinks/plugins/video_player_avfoundation/darwin"
  webview_flutter_wkwebview:
    :path: ".symlinks/plugins/webview_flutter_wkwebview/darwin"

SPEC CHECKSUMS:
  ad: c71dbbd2473d75fe58d9083c8ceda0b074300b72
  Ads-Global: b21f686881cc572879a107860aaab40c811e60a0
  advertising_id: d5de9e659986092d7ca50977dc50f4f4fcd4c30a
  app_tracking_transparency: 3d84f147f67ca82d3c15355c36b1fa6b66ca7c92
  AppLovinSDK: fb0795377cc861aa8813019ddc5d05fbd998c527
  audio_service: aa99a6ba2ae7565996015322b0bb024e1d25c6fd
  audio_session: 9bb7f6c970f21241b19f5a3658097ae459681ba0
  connectivity_plus: cb623214f4e1f6ef8fe7403d580fdad517d2f7dd
  device_info_plus: 21fcca2080fbcd348be798aa36c3e5ed849eefbe
  DKImagePickerController: 946cec48c7873164274ecc4624d19e3da4c1ef3c
  DKPhotoGallery: b3834fecb755ee09a593d7c9e389d8b5d6deed60
  FBAudienceNetwork: 85d18a65c9e35bc426bd4664cf3ae2a1172d7b60
  file_picker: a0560bc09d61de87f12d246fc47d2119e6ef37be
  Firebase: a8539b633d474fbeb654c7043f9c1649e274045b
  firebase_core: 1c1e250a77e2df9e80bb8bf0875c8b427044a697
  firebase_remote_config: a7e611ccd5cd1b6137a93f200f4185c5654f6981
  FirebaseABTesting: 04cab3e6db77b86af50b6cf7c825a13e04beca52
  FirebaseCore: 2e86a4ea1684d4381707069e4a6d89ac808e901e
  FirebaseCoreInternal: 6ab6a02c94446c026d2cf35cf5383842ebaa4992
  FirebaseInstallations: eb29ccbf64eaedf86fd5b2ccc7fabde567660b52
  FirebaseRemoteConfig: d8b57e994277aabef7cca708e671ce676eefed7a
  FirebaseRemoteConfigInterop: 7e3d57ce4b1e958bb1d15403faa7178f46bbb5b7
  FirebaseSharedSwift: 3f5c2758484d32099d693f269f110d3249c3f7e3
  Flutter: cabc95a1d2626b1b06e7179b784ebcf0c0cde467
  flutter_downloader: 78da0da1084e709cbfd3b723c7ea349c71681f09
  flutter_local_notifications: 643a3eda1ce1c0599413ca31672536d423dee214
  flutter_secure_storage_darwin: acdb3f316ed05a3e68f856e0353b133eec373a23
  Fyber_Marketplace_SDK: cedfa90cc2da9e549de1b8134965abb63bb8cf67
  gma_mediation_applovin: 18efde23ebcafb6c7e9275fc15eba69f4a194bb4
  gma_mediation_dtexchange: 1b472b948292c9a9b12b5736ce8e2492fa0dcb31
  gma_mediation_inmobi: f9ff4e6d5e060da2f304ac8a8840c5bf80fe164d
  gma_mediation_ironsource: d970e88ee9def2055b545bd9756040cec30c5270
  gma_mediation_liftoffmonetize: ad8ed366bd36ae6836bd70a66239ad085fa3c293
  gma_mediation_meta: cfa5493a4d585032e7789848190d320090c71709
  gma_mediation_mintegral: 555a0b6a0c6de9b412597e68ea34258552680eed
  gma_mediation_moloco: a4a37833f3902fe5f9278ad8f1188809d74c0155
  gma_mediation_pangle: 2cbfe519eeb63abacb747942de6550b247138dd7
  gma_mediation_unity: 1a1fce2877f26f0793ef973d778263958d3a5370
  Google-Mobile-Ads-SDK: 6e501ace4af8d63e967bd45497c8b2b05821163d
  google_mobile_ads: 8647bf442755d3601031ed0632e933510673c92a
  GoogleMobileAdsMediationAppLovin: 9b2ae732b3d28b665285046590e4bc9c40f4c9fa
  GoogleMobileAdsMediationFacebook: 4420c648e278f6821001048d1f152dd74245f759
  GoogleMobileAdsMediationFyber: bdaa82e3d1ff6b926b58cb8c533d0db959a3d1ef
  GoogleMobileAdsMediationInMobi: a7e6228a2683ac0534b35b7ab8d5a863cdd2b4ec
  GoogleMobileAdsMediationIronSource: 1fe22a4bf5be1277ae5c6eec83efbb9ccac84b55
  GoogleMobileAdsMediationMintegral: f78198e146a3298b407f7b7a90db15cca67a64e3
  GoogleMobileAdsMediationMoloco: 7449a6ca7df3cff266518bb0e54de39c13e7cf51
  GoogleMobileAdsMediationPangle: 8b526049bd6044732c40f3f3989f8daadfd80a32
  GoogleMobileAdsMediationUnity: 44550b7df109dbb935b80597885adf2e81200144
  GoogleMobileAdsMediationVungle: df7b3962f0e9afab104f985a35153dfa4f0e9df8
  GoogleUserMessagingPlatform: befe603da6501006420c206222acd449bba45a9c
  GoogleUtilities: 4f2618a4a1e762a1ee134a1e2323bba9843e06da
  InMobiSDK: a25c208dcc6fc6d9b228f34a4643712f37923208
  IronSourceAdQualitySDK: d3f89c7eb4afc6b6c45fc3d83d64789a9977148f
  IronSourceSDK: d12f8939bf36dd4e28bb4f6134bcde9a53af15db
  just_audio: 4e391f57b79cad2b0674030a00453ca5ce817eed
  MintegralAdSDK: 4325769f93ef336237799b5fb455335985fbc8b7
  MolocoSDKiOS: e13d9d8b147a51d3f6dadb4121aedb3f2f53ca68
  package_info_plus: af8e2ca6888548050f16fa2f1938db7b5a5df499
  player_base: 4b605f69917d31841443573529f3bf29eac586e8
  player_playback: 251a0b261a3a1baa30c4f945ef2e21583f4ea2b2
  PromisesObjC: 752c3227f599e3467650e47ea36f433eeb10c273
  SDWebImage: e9fc87c1aab89a8ab1bbd74eba378c6f53be8abf
  shared_preferences_foundation: 7036424c3d8ec98dfe75ff1667cb0cd531ec82bb
  sqflite_darwin: 20b2a3a3b70e43edae938624ce550a3cbf66a3d0
  SwiftyGif: 706c60cf65fa2bc5ee0313beece843c8eb8194d4
  UnityAds: 07379b63b1044dcad98b3092319166fd6f2cfda4
  url_launcher_ios: 7a95fa5b60cc718a708b8f2966718e93db0cef1b
  video_player_avfoundation: 3453f792138786248960ca029747fcd9f318ef52
  VungleAds: c1f0dd0d8531b200b9f6a3f78e292ded75540eae
  webview_flutter_wkwebview: 8ebf4fded22593026f7dbff1fbff31ea98573c8d

PODFILE CHECKSUM: 53a6aebc29ccee84c41f92f409fc20cd4ca011f1

COCOAPODS: 1.17.0
