PODS:
  - advertising_id (0.0.1):
    - Flutter
  - AppLovinSDK (13.6.3)
  - Flutter (1.0.0)
  - flutter_downloader (0.0.1):
    - Flutter
  - gma_mediation_applovin (2.6.2):
    - Flutter
    - GoogleMobileAdsMediationAppLovin (~> 13.6.3.0)
  - Google-Mobile-Ads-SDK (13.9.0):
    - GoogleUserMessagingPlatform (>= 1.1)
  - GoogleMobileAdsMediationAppLovin (13.6.3.0):
    - AppLovinSDK (= 13.6.3)
    - Google-Mobile-Ads-SDK (~> 13.3)
  - GoogleUserMessagingPlatform (3.1.0)

DEPENDENCIES:
  - advertising_id (from `.symlinks/plugins/advertising_id/ios`)
  - Flutter (from `Flutter`)
  - flutter_downloader (from `.symlinks/plugins/flutter_downloader/ios`)
  - gma_mediation_applovin (from `.symlinks/plugins/gma_mediation_applovin/ios`)

SPEC REPOS:
  trunk:
    - AppLovinSDK
    - Google-Mobile-Ads-SDK
    - GoogleMobileAdsMediationAppLovin
    - GoogleUserMessagingPlatform

EXTERNAL SOURCES:
  advertising_id:
    :path: ".symlinks/plugins/advertising_id/ios"
  Flutter:
    :path: Flutter
  flutter_downloader:
    :path: ".symlinks/plugins/flutter_downloader/ios"
  gma_mediation_applovin:
    :path: ".symlinks/plugins/gma_mediation_applovin/ios"

SPEC CHECKSUMS:
  advertising_id: d5de9e659986092d7ca50977dc50f4f4fcd4c30a
  AppLovinSDK: f3da9503e8193d8c4badc1a9965d73a0779812fa
  Flutter: cabc95a1d2626b1b06e7179b784ebcf0c0cde467
  flutter_downloader: 78da0da1084e709cbfd3b723c7ea349c71681f09
  gma_mediation_applovin: a4d0c57b3366234c99add8d9ccc34d8f58b66ee1
  Google-Mobile-Ads-SDK: cec761d0da669c462bcc19cd16c747498b9f39f7
  GoogleMobileAdsMediationAppLovin: 8929ef5280829acc3e1e4c41f9c6cfd3f99ee7cd
  GoogleUserMessagingPlatform: befe603da6501006420c206222acd449bba45a9c

PODFILE CHECKSUM: 53a6aebc29ccee84c41f92f409fc20cd4ca011f1

COCOAPODS: 1.17.0
